
Microsoft Visual Studio Solution File, Format Version 12.00
# Visual Studio Version 17
VisualStudioVersion = 17.6.33723.286
MinimumVisualStudioVersion = 10.0.40219.1
Project("{9A19103F-16F7-4668-BE54-9A1E7A4F7556}") = "THAWFont", "THAWFont.csproj", "{99758465-BD90-4179-84CC-747B392926D3}"
EndProject
Global
	GlobalSection(SolutionConfigurationPlatforms) = preSolution
		Debug|Any CPU = Debug|Any CPU
		Release|Any CPU = Release|Any CPU
	EndGlobalSection
	GlobalSection(ProjectConfigurationPlatforms) = postSolution
		{99758465-BD90-4179-84CC-747B392926D3}.Debug|Any CPU.ActiveCfg = Debug|Any CPU
		{99758465-BD90-4179-84CC-747B392926D3}.Debug|Any CPU.Build.0 = Debug|Any CPU
		{99758465-BD90-4179-84CC-747B392926D3}.Release|Any CPU.ActiveCfg = Release|Any CPU
		{99758465-BD90-4179-84CC-747B392926D3}.Release|Any CPU.Build.0 = Release|Any CPU
	EndGlobalSection
	GlobalSection(SolutionProperties) = preSolution
		HideSolutionNode = FALSE
	EndGlobalSection
	GlobalSection(ExtensibilityGlobals) = postSolution
		SolutionGuid = {53379464-1387-4C32-B2E7-ABCEBC91E28C}
	EndGlobalSection
EndGlobal
